
Microsoft Visual Studio Solution File, Format Version 12.00
# Visual Studio Version 17
VisualStudioVersion = 17.2.32526.322
MinimumVisualStudioVersion = 10.0.40219.1
Project("{FAE04EC0-301F-11D3-BF4B-00C04F79EFBC}") = "InputString", "InputString\InputString.csproj", "{621A52B3-F0D9-47FA-96D8-BA7A356A0A78}"
EndProject
Project("{FAE04EC0-301F-11D3-BF4B-00C04F79EFBC}") = "Lab3.Main", "Lab3.Main\Lab3.Main.csproj", "{EC5FBEB3-A758-4044-8EB6-F36AAF692512}"
EndProject
Project("{FAE04EC0-301F-11D3-BF4B-00C04F79EFBC}") = "Lab3.Models", "Lab3.Models\Lab3.Models.csproj", "{A99F02D6-3B64-4F4F-BA36-3AB2500BB3C1}"
EndProject
Project("{FAE04EC0-301F-11D3-BF4B-00C04F79EFBC}") = "Lab3.Repository", "Lab3.Repository\Lab3.Repository.csproj", "{4497B9A9-EF17-4E25-884C-88A5D0001245}"
EndProject
Project("{FAE04EC0-301F-11D3-BF4B-00C04F79EFBC}") = "Lab4.Main", "Lab4.Main\Lab4.Main.csproj", "{7F6A28CE-D53D-4B3E-B34B-2E82BBC23D05}"
EndProject
Project("{FAE04EC0-301F-11D3-BF4B-00C04F79EFBC}") = "Lab4.Models", "Lab4.Models\Lab4.Models.csproj", "{DB56DC2A-C4F4-495A-9646-1EB2613DA619}"
EndProject
Project("{9A19103F-16F7-4668-BE54-9A1E7A4F7556}") = "Lab1.Main", "Lab1.Main\Lab1.Main.csproj", "{8A4336AE-3821-4EEA-8649-F33F7C262791}"
EndProject
Project("{9A19103F-16F7-4668-BE54-9A1E7A4F7556}") = "Lab2.Main", "Lab2.Main\Lab2.Main.csproj", "{11ED7E6F-03FF-4B2E-A41E-D5C948A3E954}"
EndProject
Project("{FAE04EC0-301F-11D3-BF4B-00C04F79EFBC}") = "Lab1.Model", "Lab1.Model\Lab1.Model.csproj", "{2F857FE2-0AF2-4513-825B-E4A14A74AA71}"
EndProject
Project("{FAE04EC0-301F-11D3-BF4B-00C04F79EFBC}") = "Lab2.Models", "Lab2.Models\Lab2.Models.csproj", "{BC5BE5C1-42F2-4747-9AAB-E47C49AEF677}"
EndProject
Project("{2150E333-8FDC-42A3-9474-1A3956D46DE8}") = "Lab6", "Lab6", "{A96D4A8E-82A1-4A4E-9E5F-89D2F508D74E}"
EndProject
Project("{2150E333-8FDC-42A3-9474-1A3956D46DE8}") = "Lab4", "Lab4", "{F94A7C57-1314-42D6-95C3-3FB7940E0FF7}"
EndProject
Project("{2150E333-8FDC-42A3-9474-1A3956D46DE8}") = "Lab3", "Lab3", "{402AFCC3-259F-4D18-B6C5-38F541DC2D73}"
EndProject
Project("{2150E333-8FDC-42A3-9474-1A3956D46DE8}") = "Lab2", "Lab2", "{5B3EAF29-A389-469A-B464-1F22CD2BD24E}"
EndProject
Project("{2150E333-8FDC-42A3-9474-1A3956D46DE8}") = "Lab1", "Lab1", "{DA2D06A7-B9F1-4D5A-887C-CCBE0127A76D}"
EndProject
Project("{2150E333-8FDC-42A3-9474-1A3956D46DE8}") = "Lab5", "Lab5", "{59F3CECE-E136-4D0F-B7F2-1ED86B977F29}"
EndProject
Project("{9A19103F-16F7-4668-BE54-9A1E7A4F7556}") = "TransportModel", "TransportModel\TransportModel.csproj", "{A391D850-2C87-4F7E-B037-8C9067A368F2}"
EndProject
Project("{9A19103F-16F7-4668-BE54-9A1E7A4F7556}") = "TransportView", "TransportView\TransportView.csproj", "{974BBA7A-2D3C-4B9F-B9BD-2BCD23BD79F2}"
EndProject
Project("{9A19103F-16F7-4668-BE54-9A1E7A4F7556}") = "TransportModel", "Lab6\TransportModel\TransportModel.csproj", "{8C25791B-7609-498D-AEA5-63EC7435EE68}"
EndProject
Project("{9A19103F-16F7-4668-BE54-9A1E7A4F7556}") = "TransportView", "Lab6\TransportView\TransportView.csproj", "{45A3B264-E28A-4834-81A8-16A410A13439}"
EndProject
Global
	GlobalSection(SolutionConfigurationPlatforms) = preSolution
		Debug|Any CPU = Debug|Any CPU
		Release|Any CPU = Release|Any CPU
	EndGlobalSection
	GlobalSection(ProjectConfigurationPlatforms) = postSolution
		{621A52B3-F0D9-47FA-96D8-BA7A356A0A78}.Debug|Any CPU.ActiveCfg = Debug|Any CPU
		{621A52B3-F0D9-47FA-96D8-BA7A356A0A78}.Debug|Any CPU.Build.0 = Debug|Any CPU
		{621A52B3-F0D9-47FA-96D8-BA7A356A0A78}.Release|Any CPU.ActiveCfg = Release|Any CPU
		{621A52B3-F0D9-47FA-96D8-BA7A356A0A78}.Release|Any CPU.Build.0 = Release|Any CPU
		{EC5FBEB3-A758-4044-8EB6-F36AAF692512}.Debug|Any CPU.ActiveCfg = Debug|Any CPU
		{EC5FBEB3-A758-4044-8EB6-F36AAF692512}.Debug|Any CPU.Build.0 = Debug|Any CPU
		{EC5FBEB3-A758-4044-8EB6-F36AAF692512}.Release|Any CPU.ActiveCfg = Release|Any CPU
		{EC5FBEB3-A758-4044-8EB6-F36AAF692512}.Release|Any CPU.Build.0 = Release|Any CPU
		{A99F02D6-3B64-4F4F-BA36-3AB2500BB3C1}.Debug|Any CPU.ActiveCfg = Debug|Any CPU
		{A99F02D6-3B64-4F4F-BA36-3AB2500BB3C1}.Debug|Any CPU.Build.0 = Debug|Any CPU
		{A99F02D6-3B64-4F4F-BA36-3AB2500BB3C1}.Release|Any CPU.ActiveCfg = Release|Any CPU
		{A99F02D6-3B64-4F4F-BA36-3AB2500BB3C1}.Release|Any CPU.Build.0 = Release|Any CPU
		{4497B9A9-EF17-4E25-884C-88A5D0001245}.Debug|Any CPU.ActiveCfg = Debug|Any CPU
		{4497B9A9-EF17-4E25-884C-88A5D0001245}.Debug|Any CPU.Build.0 = Debug|Any CPU
		{4497B9A9-EF17-4E25-884C-88A5D0001245}.Release|Any CPU.ActiveCfg = Release|Any CPU
		{4497B9A9-EF17-4E25-884C-88A5D0001245}.Release|Any CPU.Build.0 = Release|Any CPU
		{7F6A28CE-D53D-4B3E-B34B-2E82BBC23D05}.Debug|Any CPU.ActiveCfg = Debug|Any CPU
		{7F6A28CE-D53D-4B3E-B34B-2E82BBC23D05}.Debug|Any CPU.Build.0 = Debug|Any CPU
		{7F6A28CE-D53D-4B3E-B34B-2E82BBC23D05}.Release|Any CPU.ActiveCfg = Release|Any CPU
		{7F6A28CE-D53D-4B3E-B34B-2E82BBC23D05}.Release|Any CPU.Build.0 = Release|Any CPU
		{DB56DC2A-C4F4-495A-9646-1EB2613DA619}.Debug|Any CPU.ActiveCfg = Debug|Any CPU
		{DB56DC2A-C4F4-495A-9646-1EB2613DA619}.Debug|Any CPU.Build.0 = Debug|Any CPU
		{DB56DC2A-C4F4-495A-9646-1EB2613DA619}.Release|Any CPU.ActiveCfg = Release|Any CPU
		{DB56DC2A-C4F4-495A-9646-1EB2613DA619}.Release|Any CPU.Build.0 = Release|Any CPU
		{8A4336AE-3821-4EEA-8649-F33F7C262791}.Debug|Any CPU.ActiveCfg = Debug|Any CPU
		{8A4336AE-3821-4EEA-8649-F33F7C262791}.Debug|Any CPU.Build.0 = Debug|Any CPU
		{8A4336AE-3821-4EEA-8649-F33F7C262791}.Release|Any CPU.ActiveCfg = Release|Any CPU
		{8A4336AE-3821-4EEA-8649-F33F7C262791}.Release|Any CPU.Build.0 = Release|Any CPU
		{11ED7E6F-03FF-4B2E-A41E-D5C948A3E954}.Debug|Any CPU.ActiveCfg = Debug|Any CPU
		{11ED7E6F-03FF-4B2E-A41E-D5C948A3E954}.Debug|Any CPU.Build.0 = Debug|Any CPU
		{11ED7E6F-03FF-4B2E-A41E-D5C948A3E954}.Release|Any CPU.ActiveCfg = Release|Any CPU
		{11ED7E6F-03FF-4B2E-A41E-D5C948A3E954}.Release|Any CPU.Build.0 = Release|Any CPU
		{2F857FE2-0AF2-4513-825B-E4A14A74AA71}.Debug|Any CPU.ActiveCfg = Debug|Any CPU
		{2F857FE2-0AF2-4513-825B-E4A14A74AA71}.Debug|Any CPU.Build.0 = Debug|Any CPU
		{2F857FE2-0AF2-4513-825B-E4A14A74AA71}.Release|Any CPU.ActiveCfg = Release|Any CPU
		{2F857FE2-0AF2-4513-825B-E4A14A74AA71}.Release|Any CPU.Build.0 = Release|Any CPU
		{BC5BE5C1-42F2-4747-9AAB-E47C49AEF677}.Debug|Any CPU.ActiveCfg = Debug|Any CPU
		{BC5BE5C1-42F2-4747-9AAB-E47C49AEF677}.Debug|Any CPU.Build.0 = Debug|Any CPU
		{BC5BE5C1-42F2-4747-9AAB-E47C49AEF677}.Release|Any CPU.ActiveCfg = Release|Any CPU
		{BC5BE5C1-42F2-4747-9AAB-E47C49AEF677}.Release|Any CPU.Build.0 = Release|Any CPU
		{A391D850-2C87-4F7E-B037-8C9067A368F2}.Debug|Any CPU.ActiveCfg = Debug|Any CPU
		{A391D850-2C87-4F7E-B037-8C9067A368F2}.Debug|Any CPU.Build.0 = Debug|Any CPU
		{A391D850-2C87-4F7E-B037-8C9067A368F2}.Release|Any CPU.ActiveCfg = Release|Any CPU
		{A391D850-2C87-4F7E-B037-8C9067A368F2}.Release|Any CPU.Build.0 = Release|Any CPU
		{974BBA7A-2D3C-4B9F-B9BD-2BCD23BD79F2}.Debug|Any CPU.ActiveCfg = Debug|Any CPU
		{974BBA7A-2D3C-4B9F-B9BD-2BCD23BD79F2}.Debug|Any CPU.Build.0 = Debug|Any CPU
		{974BBA7A-2D3C-4B9F-B9BD-2BCD23BD79F2}.Release|Any CPU.ActiveCfg = Release|Any CPU
		{974BBA7A-2D3C-4B9F-B9BD-2BCD23BD79F2}.Release|Any CPU.Build.0 = Release|Any CPU
		{8C25791B-7609-498D-AEA5-63EC7435EE68}.Debug|Any CPU.ActiveCfg = Debug|Any CPU
		{8C25791B-7609-498D-AEA5-63EC7435EE68}.Debug|Any CPU.Build.0 = Debug|Any CPU
		{8C25791B-7609-498D-AEA5-63EC7435EE68}.Release|Any CPU.ActiveCfg = Release|Any CPU
		{8C25791B-7609-498D-AEA5-63EC7435EE68}.Release|Any CPU.Build.0 = Release|Any CPU
		{45A3B264-E28A-4834-81A8-16A410A13439}.Debug|Any CPU.ActiveCfg = Debug|Any CPU
		{45A3B264-E28A-4834-81A8-16A410A13439}.Debug|Any CPU.Build.0 = Debug|Any CPU
		{45A3B264-E28A-4834-81A8-16A410A13439}.Release|Any CPU.ActiveCfg = Release|Any CPU
		{45A3B264-E28A-4834-81A8-16A410A13439}.Release|Any CPU.Build.0 = Release|Any CPU
	EndGlobalSection
	GlobalSection(SolutionProperties) = preSolution
		HideSolutionNode = FALSE
	EndGlobalSection
	GlobalSection(NestedProjects) = preSolution
		{EC5FBEB3-A758-4044-8EB6-F36AAF692512} = {402AFCC3-259F-4D18-B6C5-38F541DC2D73}
		{A99F02D6-3B64-4F4F-BA36-3AB2500BB3C1} = {402AFCC3-259F-4D18-B6C5-38F541DC2D73}
		{4497B9A9-EF17-4E25-884C-88A5D0001245} = {402AFCC3-259F-4D18-B6C5-38F541DC2D73}
		{7F6A28CE-D53D-4B3E-B34B-2E82BBC23D05} = {F94A7C57-1314-42D6-95C3-3FB7940E0FF7}
		{DB56DC2A-C4F4-495A-9646-1EB2613DA619} = {F94A7C57-1314-42D6-95C3-3FB7940E0FF7}
		{8A4336AE-3821-4EEA-8649-F33F7C262791} = {DA2D06A7-B9F1-4D5A-887C-CCBE0127A76D}
		{11ED7E6F-03FF-4B2E-A41E-D5C948A3E954} = {5B3EAF29-A389-469A-B464-1F22CD2BD24E}
		{2F857FE2-0AF2-4513-825B-E4A14A74AA71} = {DA2D06A7-B9F1-4D5A-887C-CCBE0127A76D}
		{BC5BE5C1-42F2-4747-9AAB-E47C49AEF677} = {5B3EAF29-A389-469A-B464-1F22CD2BD24E}
		{A391D850-2C87-4F7E-B037-8C9067A368F2} = {59F3CECE-E136-4D0F-B7F2-1ED86B977F29}
		{974BBA7A-2D3C-4B9F-B9BD-2BCD23BD79F2} = {59F3CECE-E136-4D0F-B7F2-1ED86B977F29}
		{8C25791B-7609-498D-AEA5-63EC7435EE68} = {A96D4A8E-82A1-4A4E-9E5F-89D2F508D74E}
		{45A3B264-E28A-4834-81A8-16A410A13439} = {A96D4A8E-82A1-4A4E-9E5F-89D2F508D74E}
	EndGlobalSection
	GlobalSection(ExtensibilityGlobals) = postSolution
		SolutionGuid = {8BBF13A4-818F-49C3-9B37-6614D68DE1AF}
	EndGlobalSection
EndGlobal
